{
  "name": "how-to-learn",
  "version": "1.0.0",
  "lockfileVersion": 2,
  "requires": true,
  "packages": {
    "": {
      "version": "1.0.0",
      "license": "ISC",
      "devDependencies": {
        "create-by-css": "github:tadatuta/bem-tools-create-by-css"
      }
    },
    "node_modules/@bem/cell": {
      "version": "0.2.6",
      "resolved": "https://registry.npmjs.org/@bem/cell/-/cell-0.2.6.tgz",
      "integrity": "sha1-jTHQvFkG7nuWyyvdREPVoCclIRQ=",
      "dev": true,
      "dependencies": {
        "@bem/entity-name": "1.4.0",
        "depd": "1.1.0"
      },
      "engines": {
        "node": ">= 4.0"
      }
    },
    "node_modules/@bem/cell/node_modules/@bem/entity-name": {
      "version": "1.4.0",
      "resolved": "https://registry.npmjs.org/@bem/entity-name/-/entity-name-1.4.0.tgz",
      "integrity": "sha1-2YDNmfs5L3CU1egkAyPz2gNw5/M=",
      "dev": true,
      "dependencies": {
        "@bem/naming": "2.0.0-5"
      },
      "engines": {
        "node": ">= 4.0"
      }
    },
    "node_modules/@bem/cell/node_modules/@bem/naming": {
      "version": "2.0.0-5",
      "resolved": "https://registry.npmjs.org/@bem/naming/-/naming-2.0.0-5.tgz",
      "integrity": "sha1-ulDWrZc6curRIx0dzl7zKNeBj3Y=",
      "dev": true,
      "dependencies": {
        "@bem/entity-name": "1.3.1"
      },
      "engines": {
        "node": ">= 4.0"
      }
    },
    "node_modules/@bem/cell/node_modules/@bem/naming/node_modules/@bem/entity-name": {
      "version": "1.3.1",
      "resolved": "https://registry.npmjs.org/@bem/entity-name/-/entity-name-1.3.1.tgz",
      "integrity": "sha1-rl+yNPSbukV+MWPwa+jMW6hZBdo=",
      "dev": true,
      "dependencies": {
        "bem-naming": "1.0.1"
      },
      "engines": {
        "node": ">= 4.0"
      }
    },
    "node_modules/@bem/entity-name": {
      "version": "1.5.0",
      "resolved": "https://registry.npmjs.org/@bem/entity-name/-/entity-name-1.5.0.tgz",
      "integrity": "sha1-19wgGAwwPAt6ioAs+rcJCcNRmwo=",
      "dev": true,
      "dependencies": {
        "@bem/naming": "2.0.0-5",
        "depd": "1.1.0",
        "es6-error": "4.0.2"
      },
      "engines": {
        "node": ">= 4.0"
      }
    },
    "node_modules/@bem/entity-name/node_modules/@bem/entity-name": {
      "version": "1.3.1",
      "resolved": "https://registry.npmjs.org/@bem/entity-name/-/entity-name-1.3.1.tgz",
      "integrity": "sha1-rl+yNPSbukV+MWPwa+jMW6hZBdo=",
      "dev": true,
      "dependencies": {
        "bem-naming": "1.0.1"
      },
      "engines": {
        "node": ">= 4.0"
      }
    },
    "node_modules/@bem/entity-name/node_modules/@bem/naming": {
      "version": "2.0.0-5",
      "resolved": "https://registry.npmjs.org/@bem/naming/-/naming-2.0.0-5.tgz",
      "integrity": "sha1-ulDWrZc6curRIx0dzl7zKNeBj3Y=",
      "dev": true,
      "dependencies": {
        "@bem/entity-name": "1.3.1"
      },
      "engines": {
        "node": ">= 4.0"
      }
    },
    "node_modules/@bem/fs-scheme": {
      "version": "2.2.0",
      "resolved": "https://registry.npmjs.org/@bem/fs-scheme/-/fs-scheme-2.2.0.tgz",
      "integrity": "sha512-51u7dfzP0VPWOQc2SegcJZlvGWMDrFg1KsjaFd8xlDI2cudZKLgppY5eHA06XaZnknYM0unaFF3LQ3Uwp6KEKQ==",
      "dev": true,
      "dependencies": {
        "@bem/cell": "0.2.5",
        "@bem/naming": "2.0.0-6"
      }
    },
    "node_modules/@bem/fs-scheme/node_modules/@bem/cell": {
      "version": "0.2.5",
      "resolved": "https://registry.npmjs.org/@bem/cell/-/cell-0.2.5.tgz",
      "integrity": "sha1-GD3vpFsLh/KvOwIdsM1O/ypJ09E=",
      "dev": true,
      "dependencies": {
        "@bem/entity-name": "1.3.1"
      },
      "engines": {
        "node": ">= 4.0"
      }
    },
    "node_modules/@bem/fs-scheme/node_modules/@bem/entity-name": {
      "version": "1.3.1",
      "resolved": "https://registry.npmjs.org/@bem/entity-name/-/entity-name-1.3.1.tgz",
      "integrity": "sha1-rl+yNPSbukV+MWPwa+jMW6hZBdo=",
      "dev": true,
      "dependencies": {
        "bem-naming": "1.0.1"
      },
      "engines": {
        "node": ">= 4.0"
      }
    },
    "node_modules/@bem/naming": {
      "version": "2.0.0-6",
      "resolved": "https://registry.npmjs.org/@bem/naming/-/naming-2.0.0-6.tgz",
      "integrity": "sha1-DCxh07yM2J+1uLxtwNv/wK6gVw4=",
      "dev": true,
      "dependencies": {
        "@bem/entity-name": "1.4.0"
      },
      "engines": {
        "node": ">= 4.0"
      }
    },
    "node_modules/@bem/naming/node_modules/@bem/entity-name": {
      "version": "1.4.0",
      "resolved": "https://registry.npmjs.org/@bem/entity-name/-/entity-name-1.4.0.tgz",
      "integrity": "sha1-2YDNmfs5L3CU1egkAyPz2gNw5/M=",
      "dev": true,
      "dependencies": {
        "@bem/naming": "2.0.0-5"
      },
      "engines": {
        "node": ">= 4.0"
      }
    },
    "node_modules/@bem/naming/node_modules/@bem/naming": {
      "version": "2.0.0-5",
      "resolved": "https://registry.npmjs.org/@bem/naming/-/naming-2.0.0-5.tgz",
      "integrity": "sha1-ulDWrZc6curRIx0dzl7zKNeBj3Y=",
      "dev": true,
      "dependencies": {
        "@bem/entity-name": "1.3.1"
      },
      "engines": {
        "node": ">= 4.0"
      }
    },
    "node_modules/@bem/naming/node_modules/@bem/naming/node_modules/@bem/entity-name": {
      "version": "1.3.1",
      "resolved": "https://registry.npmjs.org/@bem/entity-name/-/entity-name-1.3.1.tgz",
      "integrity": "sha1-rl+yNPSbukV+MWPwa+jMW6hZBdo=",
      "dev": true,
      "dependencies": {
        "bem-naming": "1.0.1"
      },
      "engines": {
        "node": ">= 4.0"
      }
    },
    "node_modules/@bem/sdk.config": {
      "version": "0.0.8",
      "resolved": "https://registry.npmjs.org/@bem/sdk.config/-/sdk.config-0.0.8.tgz",
      "integrity": "sha512-kYqNI9xRFp/JG30/wknk88+WnRElhVFTz2Xa5RbesOMxVIhC5kdjOhbCTzf7FxoK5ZYKs9ouU7AAQPKEThQ03w==",
      "dev": true,
      "dependencies": {
        "betterc": "^1.3.0",
        "glob": "^7.0.5",
        "is-glob": "^3.1.0",
        "lodash.clonedeep": "^4.5.0",
        "lodash.flatten": "^4.4.0",
        "lodash.isequal": "^4.5.0",
        "lodash.mergewith": "^4.6.0",
        "lodash.uniqwith": "^4.5.0",
        "pinkie-promise": "^2.0.1"
      },
      "engines": {
        "node": ">=4"
      }
    },
    "node_modules/ansi-styles": {
      "version": "3.2.1",
      "resolved": "https://registry.npmjs.org/ansi-styles/-/ansi-styles-3.2.1.tgz",
      "integrity": "sha512-VT0ZI6kZRdTh8YyJw3SMbYm/u+NqfsAxEpWO0Pf9sq8/e94WxxOpPKx9FR1FlyCtOVDNOQ+8ntlqFxiRc+r5qA==",
      "dev": true,
      "dependencies": {
        "color-convert": "^1.9.0"
      },
      "engines": {
        "node": ">=4"
      }
    },
    "node_modules/balanced-match": {
      "version": "1.0.0",
      "resolved": "https://registry.npmjs.org/balanced-match/-/balanced-match-1.0.0.tgz",
      "integrity": "sha1-ibTRmasr7kneFk6gK4nORi1xt2c=",
      "dev": true
    },
    "node_modules/bem-naming": {
      "version": "1.0.1",
      "resolved": "https://registry.npmjs.org/bem-naming/-/bem-naming-1.0.1.tgz",
      "integrity": "sha1-15cjOcueWd0FWJqdH9G91059/Cw=",
      "dev": true,
      "engines": {
        "node": ">= 4.0"
      }
    },
    "node_modules/bem-tools-create": {
      "version": "2.3.0",
      "resolved": "https://registry.npmjs.org/bem-tools-create/-/bem-tools-create-2.3.0.tgz",
      "integrity": "sha512-L+X/pNB7VuUBFVKQqT+IEWMM3+/7i9+yWLHZq8sKRG3Orgmfe3qAee7JCiobh3hf/Qh9felvPRaY60kX8tCdhg==",
      "dev": true,
      "dependencies": {
        "@bem/cell": "^0.2.5",
        "@bem/entity-name": "^1.3.2",
        "@bem/fs-scheme": "^2.1.1-0",
        "@bem/naming": "^2.0.0-5",
        "@bem/sdk.config": "0.0.8",
        "brace-expansion": "^1.1.6",
        "mkdirp": "^0.5.1",
        "pinkie-promise": "^2.0.1",
        "uniq": "^1.0.1"
      }
    },
    "node_modules/betterc": {
      "version": "1.3.0",
      "resolved": "https://registry.npmjs.org/betterc/-/betterc-1.3.0.tgz",
      "integrity": "sha1-EfbTMwkg82g7GA9IGr8rPV/u2+E=",
      "dev": true,
      "dependencies": {
        "lodash": "^4.13.1",
        "minimist": "^1.2.0",
        "node-eval": "^1.0.2",
        "os-homedir": "^1.0.1",
        "pinkie-promise": "^2.0.1"
      }
    },
    "node_modules/brace-expansion": {
      "version": "1.1.11",
      "resolved": "https://registry.npmjs.org/brace-expansion/-/brace-expansion-1.1.11.tgz",
      "integrity": "sha512-iCuPHDFgrHX7H2vEI/5xpz07zSHB00TpugqhmYtVmMO6518mCuRMoOYFldEBl0g187ufozdaHgWKcYFb61qGiA==",
      "dev": true,
      "dependencies": {
        "balanced-match": "^1.0.0",
        "concat-map": "0.0.1"
      }
    },
    "node_modules/chalk": {
      "version": "2.4.2",
      "resolved": "https://registry.npmjs.org/chalk/-/chalk-2.4.2.tgz",
      "integrity": "sha512-Mti+f9lpJNcwF4tWV8/OrTTtF1gZi+f8FqlyAdouralcFWFQWF2+NgCHShjkCb+IFBLq9buZwE1xckQU4peSuQ==",
      "dev": true,
      "dependencies": {
        "ansi-styles": "^3.2.1",
        "escape-string-regexp": "^1.0.5",
        "supports-color": "^5.3.0"
      },
      "engines": {
        "node": ">=4"
      }
    },
    "node_modules/color-convert": {
      "version": "1.9.3",
      "resolved": "https://registry.npmjs.org/color-convert/-/color-convert-1.9.3.tgz",
      "integrity": "sha512-QfAUtd+vFdAtFQcC8CCyYt1fYWxSqAiK2cSD6zDB8N3cpsEBAvRxp9zOGg6G/SHHJYAT88/az/IuDGALsNVbGg==",
      "dev": true,
      "dependencies": {
        "color-name": "1.1.3"
      }
    },
    "node_modules/color-name": {
      "version": "1.1.3",
      "resolved": "https://registry.npmjs.org/color-name/-/color-name-1.1.3.tgz",
      "integrity": "sha1-p9BVi9icQveV3UIyj3QIMcpTvCU=",
      "dev": true
    },
    "node_modules/concat-map": {
      "version": "0.0.1",
      "resolved": "https://registry.npmjs.org/concat-map/-/concat-map-0.0.1.tgz",
      "integrity": "sha1-2Klr13/Wjfd5OnMDajug1UBdR3s=",
      "dev": true
    },
    "node_modules/create-by-css": {
      "version": "1.0.0",
      "resolved": "git+ssh://git@github.com/tadatuta/bem-tools-create-by-css.git#0dca2c03cc930448dd9a82d4204f3c41352cff10",
      "dev": true,
      "license": "ISC",
      "dependencies": {
        "bem-tools-create": "^2.2.0",
        "postcss": "^6.0.17"
      }
    },
    "node_modules/depd": {
      "version": "1.1.0",
      "resolved": "https://registry.npmjs.org/depd/-/depd-1.1.0.tgz",
      "integrity": "sha1-4b2Cxqq2ztlluXuIsX7T5SjKGMM=",
      "dev": true,
      "engines": {
        "node": ">= 0.6"
      }
    },
    "node_modules/es6-error": {
      "version": "4.0.2",
      "resolved": "https://registry.npmjs.org/es6-error/-/es6-error-4.0.2.tgz",
      "integrity": "sha1-7sXHJurO9Rt/a3PCDbbhsTsGnJg=",
      "dev": true
    },
    "node_modules/escape-string-regexp": {
      "version": "1.0.5",
      "resolved": "https://registry.npmjs.org/escape-string-regexp/-/escape-string-regexp-1.0.5.tgz",
      "integrity": "sha1-G2HAViGQqN/2rjuyzwIAyhMLhtQ=",
      "dev": true,
      "engines": {
        "node": ">=0.8.0"
      }
    },
    "node_modules/fs.realpath": {
      "version": "1.0.0",
      "resolved": "https://registry.npmjs.org/fs.realpath/-/fs.realpath-1.0.0.tgz",
      "integrity": "sha1-FQStJSMVjKpA20onh8sBQRmU6k8=",
      "dev": true
    },
    "node_modules/glob": {
      "version": "7.1.6",
      "resolved": "https://registry.npmjs.org/glob/-/glob-7.1.6.tgz",
      "integrity": "sha512-LwaxwyZ72Lk7vZINtNNrywX0ZuLyStrdDtabefZKAY5ZGJhVtgdznluResxNmPitE0SAO+O26sWTHeKSI2wMBA==",
      "dev": true,
      "dependencies": {
        "fs.realpath": "^1.0.0",
        "inflight": "^1.0.4",
        "inherits": "2",
        "minimatch": "^3.0.4",
        "once": "^1.3.0",
        "path-is-absolute": "^1.0.0"
      },
      "engines": {
        "node": "*"
      },
      "funding": {
        "url": "https://github.com/sponsors/isaacs"
      }
    },
    "node_modules/has-flag": {
      "version": "3.0.0",
      "resolved": "https://registry.npmjs.org/has-flag/-/has-flag-3.0.0.tgz",
      "integrity": "sha1-tdRU3CGZriJWmfNGfloH87lVuv0=",
      "dev": true,
      "engines": {
        "node": ">=4"
      }
    },
    "node_modules/inflight": {
      "version": "1.0.6",
      "resolved": "https://registry.npmjs.org/inflight/-/inflight-1.0.6.tgz",
      "integrity": "sha1-Sb1jMdfQLQwJvJEKEHW6gWW1bfk=",
      "dev": true,
      "dependencies": {
        "once": "^1.3.0",
        "wrappy": "1"
      }
    },
    "node_modules/inherits": {
      "version": "2.0.4",
      "resolved": "https://registry.npmjs.org/inherits/-/inherits-2.0.4.tgz",
      "integrity": "sha512-k/vGaX4/Yla3WzyMCvTQOXYeIHvqOKtnqBduzTHpzpQZzAskKMhZ2K+EnBiSM9zGSoIFeMpXKxa4dYeZIQqewQ==",
      "dev": true
    },
    "node_modules/is-extglob": {
      "version": "2.1.1",
      "resolved": "https://registry.npmjs.org/is-extglob/-/is-extglob-2.1.1.tgz",
      "integrity": "sha1-qIwCU1eR8C7TfHahueqXc8gz+MI=",
      "dev": true,
      "engines": {
        "node": ">=0.10.0"
      }
    },
    "node_modules/is-glob": {
      "version": "3.1.0",
      "resolved": "https://registry.npmjs.org/is-glob/-/is-glob-3.1.0.tgz",
      "integrity": "sha1-e6WuJCF4BKxwcHuWkiVnSGzD6Eo=",
      "dev": true,
      "dependencies": {
        "is-extglob": "^2.1.0"
      },
      "engines": {
        "node": ">=0.10.0"
      }
    },
    "node_modules/lodash": {
      "version": "4.17.20",
      "resolved": "https://registry.npmjs.org/lodash/-/lodash-4.17.20.tgz",
      "integrity": "sha512-PlhdFcillOINfeV7Ni6oF1TAEayyZBoZ8bcshTHqOYJYlrqzRK5hagpagky5o4HfCzzd1TRkXPMFq6cKk9rGmA==",
      "dev": true
    },
    "node_modules/lodash.clonedeep": {
      "version": "4.5.0",
      "resolved": "https://registry.npmjs.org/lodash.clonedeep/-/lodash.clonedeep-4.5.0.tgz",
      "integrity": "sha1-4j8/nE+Pvd6HJSnBBxhXoIblzO8=",
      "dev": true
    },
    "node_modules/lodash.flatten": {
      "version": "4.4.0",
      "resolved": "https://registry.npmjs.org/lodash.flatten/-/lodash.flatten-4.4.0.tgz",
      "integrity": "sha1-8xwiIlqWMtK7+OSt2+8kCqdlph8=",
      "dev": true
    },
    "node_modules/lodash.isequal": {
      "version": "4.5.0",
      "resolved": "https://registry.npmjs.org/lodash.isequal/-/lodash.isequal-4.5.0.tgz",
      "integrity": "sha1-QVxEePK8wwEgwizhDtMib30+GOA=",
      "dev": true
    },
    "node_modules/lodash.mergewith": {
      "version": "4.6.2",
      "resolved": "https://registry.npmjs.org/lodash.mergewith/-/lodash.mergewith-4.6.2.tgz",
      "integrity": "sha512-GK3g5RPZWTRSeLSpgP8Xhra+pnjBC56q9FZYe1d5RN3TJ35dbkGy3YqBSMbyCrlbi+CM9Z3Jk5yTL7RCsqboyQ==",
      "dev": true
    },
    "node_modules/lodash.uniqwith": {
      "version": "4.5.0",
      "resolved": "https://registry.npmjs.org/lodash.uniqwith/-/lodash.uniqwith-4.5.0.tgz",
      "integrity": "sha1-egy/ZfQ7WShiWp1NDcVLGMrcfvM=",
      "dev": true
    },
    "node_modules/minimatch": {
      "version": "3.0.4",
      "resolved": "https://registry.npmjs.org/minimatch/-/minimatch-3.0.4.tgz",
      "integrity": "sha512-yJHVQEhyqPLUTgt9B83PXu6W3rx4MvvHvSUvToogpwoGDOUQ+yDrR0HRot+yOCdCO7u4hX3pWft6kWBBcqh0UA==",
      "dev": true,
      "dependencies": {
        "brace-expansion": "^1.1.7"
      },
      "engines": {
        "node": "*"
      }
    },
    "node_modules/minimist": {
      "version": "1.2.5",
      "resolved": "https://registry.npmjs.org/minimist/-/minimist-1.2.5.tgz",
      "integrity": "sha512-FM9nNUYrRBAELZQT3xeZQ7fmMOBg6nWNmJKTcgsJeaLstP/UODVpGsr5OhXhhXg6f+qtJ8uiZ+PUxkDWcgIXLw==",
      "dev": true
    },
    "node_modules/mkdirp": {
      "version": "0.5.5",
      "resolved": "https://registry.npmjs.org/mkdirp/-/mkdirp-0.5.5.tgz",
      "integrity": "sha512-NKmAlESf6jMGym1++R0Ra7wvhV+wFW63FaSOFPwRahvea0gMUcGUhVeAg/0BC0wiv9ih5NYPB1Wn1UEI1/L+xQ==",
      "dev": true,
      "dependencies": {
        "minimist": "^1.2.5"
      },
      "bin": {
        "mkdirp": "bin/cmd.js"
      }
    },
    "node_modules/node-eval": {
      "version": "1.1.1",
      "resolved": "https://registry.npmjs.org/node-eval/-/node-eval-1.1.1.tgz",
      "integrity": "sha512-bXlCTkee8GZCoULxbSpEXSPIu98paZDPTwNo4qk64HxfEs+RdlXzojFGpGhAxr7JyFiDGwTX6EFTDYMkIZiB+A==",
      "dev": true,
      "dependencies": {
        "path-is-absolute": "1.0.1"
      },
      "engines": {
        "node": ">= 0.10"
      }
    },
    "node_modules/once": {
      "version": "1.4.0",
      "resolved": "https://registry.npmjs.org/once/-/once-1.4.0.tgz",
      "integrity": "sha1-WDsap3WWHUsROsF9nFC6753Xa9E=",
      "dev": true,
      "dependencies": {
        "wrappy": "1"
      }
    },
    "node_modules/os-homedir": {
      "version": "1.0.2",
      "resolved": "https://registry.npmjs.org/os-homedir/-/os-homedir-1.0.2.tgz",
      "integrity": "sha1-/7xJiDNuDoM94MFox+8VISGqf7M=",
      "dev": true,
      "engines": {
        "node": ">=0.10.0"
      }
    },
    "node_modules/path-is-absolute": {
      "version": "1.0.1",
      "resolved": "https://registry.npmjs.org/path-is-absolute/-/path-is-absolute-1.0.1.tgz",
      "integrity": "sha1-F0uSaHNVNP+8es5r9TpanhtcX18=",
      "dev": true,
      "engines": {
        "node": ">=0.10.0"
      }
    },
    "node_modules/pinkie": {
      "version": "2.0.4",
      "resolved": "https://registry.npmjs.org/pinkie/-/pinkie-2.0.4.tgz",
      "integrity": "sha1-clVrgM+g1IqXToDnckjoDtT3+HA=",
      "dev": true,
      "engines": {
        "node": ">=0.10.0"
      }
    },
    "node_modules/pinkie-promise": {
      "version": "2.0.1",
      "resolved": "https://registry.npmjs.org/pinkie-promise/-/pinkie-promise-2.0.1.tgz",
      "integrity": "sha1-ITXW36ejWMBprJsXh3YogihFD/o=",
      "dev": true,
      "dependencies": {
        "pinkie": "^2.0.0"
      },
      "engines": {
        "node": ">=0.10.0"
      }
    },
    "node_modules/postcss": {
      "version": "6.0.23",
      "resolved": "https://registry.npmjs.org/postcss/-/postcss-6.0.23.tgz",
      "integrity": "sha512-soOk1h6J3VMTZtVeVpv15/Hpdl2cBLX3CAw4TAbkpTJiNPk9YP/zWcD1ND+xEtvyuuvKzbxliTOIyvkSeSJ6ag==",
      "dev": true,
      "dependencies": {
        "chalk": "^2.4.1",
        "source-map": "^0.6.1",
        "supports-color": "^5.4.0"
      },
      "engines": {
        "node": ">=4.0.0"
      }
    },
    "node_modules/source-map": {
      "version": "0.6.1",
      "resolved": "https://registry.npmjs.org/source-map/-/source-map-0.6.1.tgz",
      "integrity": "sha512-UjgapumWlbMhkBgzT7Ykc5YXUT46F0iKu8SGXq0bcwP5dz/h0Plj6enJqjz1Zbq2l5WaqYnrVbwWOWMyF3F47g==",
      "dev": true,
      "engines": {
        "node": ">=0.10.0"
      }
    },
    "node_modules/supports-color": {
      "version": "5.5.0",
      "resolved": "https://registry.npmjs.org/supports-color/-/supports-color-5.5.0.tgz",
      "integrity": "sha512-QjVjwdXIt408MIiAqCX4oUKsgU2EqAGzs2Ppkm4aQYbjm+ZEWEcW4SfFNTr4uMNZma0ey4f5lgLrkB0aX0QMow==",
      "dev": true,
      "dependencies": {
        "has-flag": "^3.0.0"
      },
      "engines": {
        "node": ">=4"
      }
    },
    "node_modules/uniq": {
      "version": "1.0.1",
      "resolved": "https://registry.npmjs.org/uniq/-/uniq-1.0.1.tgz",
      "integrity": "sha1-sxxa6CVIRKOoKBVBzisEuGWnNP8=",
      "dev": true
    },
    "node_modules/wrappy": {
      "version": "1.0.2",
      "resolved": "https://registry.npmjs.org/wrappy/-/wrappy-1.0.2.tgz",
      "integrity": "sha1-tSQ9jz7BqjXxNkYFvA0QNuMKtp8=",
      "dev": true
    }
  },
  "dependencies": {
    "@bem/cell": {
      "version": "0.2.6",
      "resolved": "https://registry.npmjs.org/@bem/cell/-/cell-0.2.6.tgz",
      "integrity": "sha1-jTHQvFkG7nuWyyvdREPVoCclIRQ=",
      "dev": true,
      "requires": {
        "@bem/entity-name": "1.4.0",
        "depd": "1.1.0"
      },
      "dependencies": {
        "@bem/entity-name": {
          "version": "1.4.0",
          "resolved": "https://registry.npmjs.org/@bem/entity-name/-/entity-name-1.4.0.tgz",
          "integrity": "sha1-2YDNmfs5L3CU1egkAyPz2gNw5/M=",
          "dev": true,
          "requires": {
            "@bem/naming": "2.0.0-5"
          }
        },
        "@bem/naming": {
          "version": "2.0.0-5",
          "resolved": "https://registry.npmjs.org/@bem/naming/-/naming-2.0.0-5.tgz",
          "integrity": "sha1-ulDWrZc6curRIx0dzl7zKNeBj3Y=",
          "dev": true,
          "requires": {
            "@bem/entity-name": "1.3.1"
          },
          "dependencies": {
            "@bem/entity-name": {
              "version": "1.3.1",
              "resolved": "https://registry.npmjs.org/@bem/entity-name/-/entity-name-1.3.1.tgz",
              "integrity": "sha1-rl+yNPSbukV+MWPwa+jMW6hZBdo=",
              "dev": true,
              "requires": {
                "bem-naming": "1.0.1"
              }
            }
          }
        }
      }
    },
    "@bem/entity-name": {
      "version": "1.5.0",
      "resolved": "https://registry.npmjs.org/@bem/entity-name/-/entity-name-1.5.0.tgz",
      "integrity": "sha1-19wgGAwwPAt6ioAs+rcJCcNRmwo=",
      "dev": true,
      "requires": {
        "@bem/naming": "2.0.0-5",
        "depd": "1.1.0",
        "es6-error": "4.0.2"
      },
      "dependencies": {
        "@bem/entity-name": {
          "version": "1.3.1",
          "resolved": "https://registry.npmjs.org/@bem/entity-name/-/entity-name-1.3.1.tgz",
          "integrity": "sha1-rl+yNPSbukV+MWPwa+jMW6hZBdo=",
          "dev": true,
          "requires": {
            "bem-naming": "1.0.1"
          }
        },
        "@bem/naming": {
          "version": "2.0.0-5",
          "resolved": "https://registry.npmjs.org/@bem/naming/-/naming-2.0.0-5.tgz",
          "integrity": "sha1-ulDWrZc6curRIx0dzl7zKNeBj3Y=",
          "dev": true,
          "requires": {
            "@bem/entity-name": "1.3.1"
          }
        }
      }
    },
    "@bem/fs-scheme": {
      "version": "2.2.0",
      "resolved": "https://registry.npmjs.org/@bem/fs-scheme/-/fs-scheme-2.2.0.tgz",
      "integrity": "sha512-51u7dfzP0VPWOQc2SegcJZlvGWMDrFg1KsjaFd8xlDI2cudZKLgppY5eHA06XaZnknYM0unaFF3LQ3Uwp6KEKQ==",
      "dev": true,
      "requires": {
        "@bem/cell": "0.2.5",
        "@bem/naming": "2.0.0-6"
      },
      "dependencies": {
        "@bem/cell": {
          "version": "0.2.5",
          "resolved": "https://registry.npmjs.org/@bem/cell/-/cell-0.2.5.tgz",
          "integrity": "sha1-GD3vpFsLh/KvOwIdsM1O/ypJ09E=",
          "dev": true,
          "requires": {
            "@bem/entity-name": "1.3.1"
          }
        },
        "@bem/entity-name": {
          "version": "1.3.1",
          "resolved": "https://registry.npmjs.org/@bem/entity-name/-/entity-name-1.3.1.tgz",
          "integrity": "sha1-rl+yNPSbukV+MWPwa+jMW6hZBdo=",
          "dev": true,
          "requires": {
            "bem-naming": "1.0.1"
          }
        }
      }
    },
    "@bem/naming": {
      "version": "2.0.0-6",
      "resolved": "https://registry.npmjs.org/@bem/naming/-/naming-2.0.0-6.tgz",
      "integrity": "sha1-DCxh07yM2J+1uLxtwNv/wK6gVw4=",
      "dev": true,
      "requires": {
        "@bem/entity-name": "1.4.0"
      },
      "dependencies": {
        "@bem/entity-name": {
          "version": "1.4.0",
          "resolved": "https://registry.npmjs.org/@bem/entity-name/-/entity-name-1.4.0.tgz",
          "integrity": "sha1-2YDNmfs5L3CU1egkAyPz2gNw5/M=",
          "dev": true,
          "requires": {
            "@bem/naming": "2.0.0-5"
          }
        },
        "@bem/naming": {
          "version": "2.0.0-5",
          "resolved": "https://registry.npmjs.org/@bem/naming/-/naming-2.0.0-5.tgz",
          "integrity": "sha1-ulDWrZc6curRIx0dzl7zKNeBj3Y=",
          "dev": true,
          "requires": {
            "@bem/entity-name": "1.3.1"
          },
          "dependencies": {
            "@bem/entity-name": {
              "version": "1.3.1",
              "resolved": "https://registry.npmjs.org/@bem/entity-name/-/entity-name-1.3.1.tgz",
              "integrity": "sha1-rl+yNPSbukV+MWPwa+jMW6hZBdo=",
              "dev": true,
              "requires": {
                "bem-naming": "1.0.1"
              }
            }
          }
        }
      }
    },
    "@bem/sdk.config": {
      "version": "0.0.8",
      "resolved": "https://registry.npmjs.org/@bem/sdk.config/-/sdk.config-0.0.8.tgz",
      "integrity": "sha512-kYqNI9xRFp/JG30/wknk88+WnRElhVFTz2Xa5RbesOMxVIhC5kdjOhbCTzf7FxoK5ZYKs9ouU7AAQPKEThQ03w==",
      "dev": true,
      "requires": {
        "betterc": "^1.3.0",
        "glob": "^7.0.5",
        "is-glob": "^3.1.0",
        "lodash.clonedeep": "^4.5.0",
        "lodash.flatten": "^4.4.0",
        "lodash.isequal": "^4.5.0",
        "lodash.mergewith": "^4.6.0",
        "lodash.uniqwith": "^4.5.0",
        "pinkie-promise": "^2.0.1"
      }
    },
    "ansi-styles": {
      "version": "3.2.1",
      "resolved": "https://registry.npmjs.org/ansi-styles/-/ansi-styles-3.2.1.tgz",
      "integrity": "sha512-VT0ZI6kZRdTh8YyJw3SMbYm/u+NqfsAxEpWO0Pf9sq8/e94WxxOpPKx9FR1FlyCtOVDNOQ+8ntlqFxiRc+r5qA==",
      "dev": true,
      "requires": {
        "color-convert": "^1.9.0"
      }
    },
    "balanced-match": {
      "version": "1.0.0",
      "resolved": "https://registry.npmjs.org/balanced-match/-/balanced-match-1.0.0.tgz",
      "integrity": "sha1-ibTRmasr7kneFk6gK4nORi1xt2c=",
      "dev": true
    },
    "bem-naming": {
      "version": "1.0.1",
      "resolved": "https://registry.npmjs.org/bem-naming/-/bem-naming-1.0.1.tgz",
      "integrity": "sha1-15cjOcueWd0FWJqdH9G91059/Cw=",
      "dev": true
    },
    "bem-tools-create": {
      "version": "2.3.0",
      "resolved": "https://registry.npmjs.org/bem-tools-create/-/bem-tools-create-2.3.0.tgz",
      "integrity": "sha512-L+X/pNB7VuUBFVKQqT+IEWMM3+/7i9+yWLHZq8sKRG3Orgmfe3qAee7JCiobh3hf/Qh9felvPRaY60kX8tCdhg==",
      "dev": true,
      "requires": {
        "@bem/cell": "^0.2.5",
        "@bem/entity-name": "^1.3.2",
        "@bem/fs-scheme": "^2.1.1-0",
        "@bem/naming": "^2.0.0-5",
        "@bem/sdk.config": "0.0.8",
        "brace-expansion": "^1.1.6",
        "mkdirp": "^0.5.1",
        "pinkie-promise": "^2.0.1",
        "uniq": "^1.0.1"
      }
    },
    "betterc": {
      "version": "1.3.0",
      "resolved": "https://registry.npmjs.org/betterc/-/betterc-1.3.0.tgz",
      "integrity": "sha1-EfbTMwkg82g7GA9IGr8rPV/u2+E=",
      "dev": true,
      "requires": {
        "lodash": "^4.13.1",
        "minimist": "^1.2.0",
        "node-eval": "^1.0.2",
        "os-homedir": "^1.0.1",
        "pinkie-promise": "^2.0.1"
      }
    },
    "brace-expansion": {
      "version": "1.1.11",
      "resolved": "https://registry.npmjs.org/brace-expansion/-/brace-expansion-1.1.11.tgz",
      "integrity": "sha512-iCuPHDFgrHX7H2vEI/5xpz07zSHB00TpugqhmYtVmMO6518mCuRMoOYFldEBl0g187ufozdaHgWKcYFb61qGiA==",
      "dev": true,
      "requires": {
        "balanced-match": "^1.0.0",
        "concat-map": "0.0.1"
      }
    },
    "chalk": {
      "version": "2.4.2",
      "resolved": "https://registry.npmjs.org/chalk/-/chalk-2.4.2.tgz",
      "integrity": "sha512-Mti+f9lpJNcwF4tWV8/OrTTtF1gZi+f8FqlyAdouralcFWFQWF2+NgCHShjkCb+IFBLq9buZwE1xckQU4peSuQ==",
      "dev": true,
      "requires": {
        "ansi-styles": "^3.2.1",
        "escape-string-regexp": "^1.0.5",
        "supports-color": "^5.3.0"
      }
    },
    "color-convert": {
      "version": "1.9.3",
      "resolved": "https://registry.npmjs.org/color-convert/-/color-convert-1.9.3.tgz",
      "integrity": "sha512-QfAUtd+vFdAtFQcC8CCyYt1fYWxSqAiK2cSD6zDB8N3cpsEBAvRxp9zOGg6G/SHHJYAT88/az/IuDGALsNVbGg==",
      "dev": true,
      "requires": {
        "color-name": "1.1.3"
      }
    },
    "color-name": {
      "version": "1.1.3",
      "resolved": "https://registry.npmjs.org/color-name/-/color-name-1.1.3.tgz",
      "integrity": "sha1-p9BVi9icQveV3UIyj3QIMcpTvCU=",
      "dev": true
    },
    "concat-map": {
      "version": "0.0.1",
      "resolved": "https://registry.npmjs.org/concat-map/-/concat-map-0.0.1.tgz",
      "integrity": "sha1-2Klr13/Wjfd5OnMDajug1UBdR3s=",
      "dev": true
    },
    "create-by-css": {
      "version": "git+ssh://git@github.com/tadatuta/bem-tools-create-by-css.git#0dca2c03cc930448dd9a82d4204f3c41352cff10",
      "dev": true,
      "from": "create-by-css@github:tadatuta/bem-tools-create-by-css",
      "requires": {
        "bem-tools-create": "^2.2.0",
        "postcss": "^6.0.17"
      }
    },
    "depd": {
      "version": "1.1.0",
      "resolved": "https://registry.npmjs.org/depd/-/depd-1.1.0.tgz",
      "integrity": "sha1-4b2Cxqq2ztlluXuIsX7T5SjKGMM=",
      "dev": true
    },
    "es6-error": {
      "version": "4.0.2",
      "resolved": "https://registry.npmjs.org/es6-error/-/es6-error-4.0.2.tgz",
      "integrity": "sha1-7sXHJurO9Rt/a3PCDbbhsTsGnJg=",
      "dev": true
    },
    "escape-string-regexp": {
      "version": "1.0.5",
      "resolved": "https://registry.npmjs.org/escape-string-regexp/-/escape-string-regexp-1.0.5.tgz",
      "integrity": "sha1-G2HAViGQqN/2rjuyzwIAyhMLhtQ=",
      "dev": true
    },
    "fs.realpath": {
      "version": "1.0.0",
      "resolved": "https://registry.npmjs.org/fs.realpath/-/fs.realpath-1.0.0.tgz",
      "integrity": "sha1-FQStJSMVjKpA20onh8sBQRmU6k8=",
      "dev": true
    },
    "glob": {
      "version": "7.1.6",
      "resolved": "https://registry.npmjs.org/glob/-/glob-7.1.6.tgz",
      "integrity": "sha512-LwaxwyZ72Lk7vZINtNNrywX0ZuLyStrdDtabefZKAY5ZGJhVtgdznluResxNmPitE0SAO+O26sWTHeKSI2wMBA==",
      "dev": true,
      "requires": {
        "fs.realpath": "^1.0.0",
        "inflight": "^1.0.4",
        "inherits": "2",
        "minimatch": "^3.0.4",
        "once": "^1.3.0",
        "path-is-absolute": "^1.0.0"
      }
    },
    "has-flag": {
      "version": "3.0.0",
      "resolved": "https://registry.npmjs.org/has-flag/-/has-flag-3.0.0.tgz",
      "integrity": "sha1-tdRU3CGZriJWmfNGfloH87lVuv0=",
      "dev": true
    },
    "inflight": {
      "version": "1.0.6",
      "resolved": "https://registry.npmjs.org/inflight/-/inflight-1.0.6.tgz",
      "integrity": "sha1-Sb1jMdfQLQwJvJEKEHW6gWW1bfk=",
      "dev": true,
      "requires": {
        "once": "^1.3.0",
        "wrappy": "1"
      }
    },
    "inherits": {
      "version": "2.0.4",
      "resolved": "https://registry.npmjs.org/inherits/-/inherits-2.0.4.tgz",
      "integrity": "sha512-k/vGaX4/Yla3WzyMCvTQOXYeIHvqOKtnqBduzTHpzpQZzAskKMhZ2K+EnBiSM9zGSoIFeMpXKxa4dYeZIQqewQ==",
      "dev": true
    },
    "is-extglob": {
      "version": "2.1.1",
      "resolved": "https://registry.npmjs.org/is-extglob/-/is-extglob-2.1.1.tgz",
      "integrity": "sha1-qIwCU1eR8C7TfHahueqXc8gz+MI=",
      "dev": true
    },
    "is-glob": {
      "version": "3.1.0",
      "resolved": "https://registry.npmjs.org/is-glob/-/is-glob-3.1.0.tgz",
      "integrity": "sha1-e6WuJCF4BKxwcHuWkiVnSGzD6Eo=",
      "dev": true,
      "requires": {
        "is-extglob": "^2.1.0"
      }
    },
    "lodash": {
      "version": "4.17.20",
      "resolved": "https://registry.npmjs.org/lodash/-/lodash-4.17.20.tgz",
      "integrity": "sha512-PlhdFcillOINfeV7Ni6oF1TAEayyZBoZ8bcshTHqOYJYlrqzRK5hagpagky5o4HfCzzd1TRkXPMFq6cKk9rGmA==",
      "dev": true
    },
    "lodash.clonedeep": {
      "version": "4.5.0",
      "resolved": "https://registry.npmjs.org/lodash.clonedeep/-/lodash.clonedeep-4.5.0.tgz",
      "integrity": "sha1-4j8/nE+Pvd6HJSnBBxhXoIblzO8=",
      "dev": true
    },
    "lodash.flatten": {
      "version": "4.4.0",
      "resolved": "https://registry.npmjs.org/lodash.flatten/-/lodash.flatten-4.4.0.tgz",
      "integrity": "sha1-8xwiIlqWMtK7+OSt2+8kCqdlph8=",
      "dev": true
    },
    "lodash.isequal": {
      "version": "4.5.0",
      "resolved": "https://registry.npmjs.org/lodash.isequal/-/lodash.isequal-4.5.0.tgz",
      "integrity": "sha1-QVxEePK8wwEgwizhDtMib30+GOA=",
      "dev": true
    },
    "lodash.mergewith": {
      "version": "4.6.2",
      "resolved": "https://registry.npmjs.org/lodash.mergewith/-/lodash.mergewith-4.6.2.tgz",
      "integrity": "sha512-GK3g5RPZWTRSeLSpgP8Xhra+pnjBC56q9FZYe1d5RN3TJ35dbkGy3YqBSMbyCrlbi+CM9Z3Jk5yTL7RCsqboyQ==",
      "dev": true
    },
    "lodash.uniqwith": {
      "version": "4.5.0",
      "resolved": "https://registry.npmjs.org/lodash.uniqwith/-/lodash.uniqwith-4.5.0.tgz",
      "integrity": "sha1-egy/ZfQ7WShiWp1NDcVLGMrcfvM=",
      "dev": true
    },
    "minimatch": {
      "version": "3.0.4",
      "resolved": "https://registry.npmjs.org/minimatch/-/minimatch-3.0.4.tgz",
      "integrity": "sha512-yJHVQEhyqPLUTgt9B83PXu6W3rx4MvvHvSUvToogpwoGDOUQ+yDrR0HRot+yOCdCO7u4hX3pWft6kWBBcqh0UA==",
      "dev": true,
      "requires": {
        "brace-expansion": "^1.1.7"
      }
    },
    "minimist": {
      "version": "1.2.5",
      "resolved": "https://registry.npmjs.org/minimist/-/minimist-1.2.5.tgz",
      "integrity": "sha512-FM9nNUYrRBAELZQT3xeZQ7fmMOBg6nWNmJKTcgsJeaLstP/UODVpGsr5OhXhhXg6f+qtJ8uiZ+PUxkDWcgIXLw==",
      "dev": true
    },
    "mkdirp": {
      "version": "0.5.5",
      "resolved": "https://registry.npmjs.org/mkdirp/-/mkdirp-0.5.5.tgz",
      "integrity": "sha512-NKmAlESf6jMGym1++R0Ra7wvhV+wFW63FaSOFPwRahvea0gMUcGUhVeAg/0BC0wiv9ih5NYPB1Wn1UEI1/L+xQ==",
      "dev": true,
      "requires": {
        "minimist": "^1.2.5"
      }
    },
    "node-eval": {
      "version": "1.1.1",
      "resolved": "https://registry.npmjs.org/node-eval/-/node-eval-1.1.1.tgz",
      "integrity": "sha512-bXlCTkee8GZCoULxbSpEXSPIu98paZDPTwNo4qk64HxfEs+RdlXzojFGpGhAxr7JyFiDGwTX6EFTDYMkIZiB+A==",
      "dev": true,
      "requires": {
        "path-is-absolute": "1.0.1"
      }
    },
    "once": {
      "version": "1.4.0",
      "resolved": "https://registry.npmjs.org/once/-/once-1.4.0.tgz",
      "integrity": "sha1-WDsap3WWHUsROsF9nFC6753Xa9E=",
      "dev": true,
      "requires": {
        "wrappy": "1"
      }
    },
    "os-homedir": {
      "version": "1.0.2",
      "resolved": "https://registry.npmjs.org/os-homedir/-/os-homedir-1.0.2.tgz",
      "integrity": "sha1-/7xJiDNuDoM94MFox+8VISGqf7M=",
      "dev": true
    },
    "path-is-absolute": {
      "version": "1.0.1",
      "resolved": "https://registry.npmjs.org/path-is-absolute/-/path-is-absolute-1.0.1.tgz",
      "integrity": "sha1-F0uSaHNVNP+8es5r9TpanhtcX18=",
      "dev": true
    },
    "pinkie": {
      "version": "2.0.4",
      "resolved": "https://registry.npmjs.org/pinkie/-/pinkie-2.0.4.tgz",
      "integrity": "sha1-clVrgM+g1IqXToDnckjoDtT3+HA=",
      "dev": true
    },
    "pinkie-promise": {
      "version": "2.0.1",
      "resolved": "https://registry.npmjs.org/pinkie-promise/-/pinkie-promise-2.0.1.tgz",
      "integrity": "sha1-ITXW36ejWMBprJsXh3YogihFD/o=",
      "dev": true,
      "requires": {
        "pinkie": "^2.0.0"
      }
    },
    "postcss": {
      "version": "6.0.23",
      "resolved": "https://registry.npmjs.org/postcss/-/postcss-6.0.23.tgz",
      "integrity": "sha512-soOk1h6J3VMTZtVeVpv15/Hpdl2cBLX3CAw4TAbkpTJiNPk9YP/zWcD1ND+xEtvyuuvKzbxliTOIyvkSeSJ6ag==",
      "dev": true,
      "requires": {
        "chalk": "^2.4.1",
        "source-map": "^0.6.1",
        "supports-color": "^5.4.0"
      }
    },
    "source-map": {
      "version": "0.6.1",
      "resolved": "https://registry.npmjs.org/source-map/-/source-map-0.6.1.tgz",
      "integrity": "sha512-UjgapumWlbMhkBgzT7Ykc5YXUT46F0iKu8SGXq0bcwP5dz/h0Plj6enJqjz1Zbq2l5WaqYnrVbwWOWMyF3F47g==",
      "dev": true
    },
    "supports-color": {
      "version": "5.5.0",
      "resolved": "https://registry.npmjs.org/supports-color/-/supports-color-5.5.0.tgz",
      "integrity": "sha512-QjVjwdXIt408MIiAqCX4oUKsgU2EqAGzs2Ppkm4aQYbjm+ZEWEcW4SfFNTr4uMNZma0ey4f5lgLrkB0aX0QMow==",
      "dev": true,
      "requires": {
        "has-flag": "^3.0.0"
      }
    },
    "uniq": {
      "version": "1.0.1",
      "resolved": "https://registry.npmjs.org/uniq/-/uniq-1.0.1.tgz",
      "integrity": "sha1-sxxa6CVIRKOoKBVBzisEuGWnNP8=",
      "dev": true
    },
    "wrappy": {
      "version": "1.0.2",
      "resolved": "https://registry.npmjs.org/wrappy/-/wrappy-1.0.2.tgz",
      "integrity": "sha1-tSQ9jz7BqjXxNkYFvA0QNuMKtp8=",
      "dev": true
    }
  }
}
